
Microsoft Visual Studio Solution File, Format Version 12.00
# Visual Studio Version 17
VisualStudioVersion = 17.0.32126.317
MinimumVisualStudioVersion = 10.0.40219.1
Project("{FAE04EC0-301F-11D3-BF4B-00C04F79EFBC}") = "Test_Identity", "Test_Identity\Test_Identity.csproj", "{BEA444CD-3C90-44A2-BB2B-419C9225D406}"
EndProject
Global
	GlobalSection(SolutionConfigurationPlatforms) = preSolution
		Debug|Any CPU = Debug|Any CPU
		Release|Any CPU = Release|Any CPU
	EndGlobalSection
	GlobalSection(ProjectConfigurationPlatforms) = postSolution
		{BEA444CD-3C90-44A2-BB2B-419C9225D406}.Debug|Any CPU.ActiveCfg = Debug|Any CPU
		{BEA444CD-3C90-44A2-BB2B-419C9225D406}.Debug|Any CPU.Build.0 = Debug|Any CPU
		{BEA444CD-3C90-44A2-BB2B-419C9225D406}.Release|Any CPU.ActiveCfg = Release|Any CPU
		{BEA444CD-3C90-44A2-BB2B-419C9225D406}.Release|Any CPU.Build.0 = Release|Any CPU
	EndGlobalSection
	GlobalSection(SolutionProperties) = preSolution
		HideSolutionNode = FALSE
	EndGlobalSection
	GlobalSection(ExtensibilityGlobals) = postSolution
		SolutionGuid = {B0D88DB1-93C8-4AF2-A08D-9DDC6B92D8D5}
	EndGlobalSection
EndGlobal
